// !$*UTF8*$!
{
	archiveVersion = 1;
	classes = {
	};
	objectVersion = 46;
	objects = {

/* Begin PBXBuildFile section */
		6BB150721CA64B75005D19FD /* AppDelegate.swift in Sources */ = {isa = PBXBuildFile; fileRef = 6BB150711CA64B75005D19FD /* AppDelegate.swift */; };
		6BB150741CA64B75005D19FD /* ViewController.swift in Sources */ = {isa = PBXBuildFile; fileRef = 6BB150731CA64B75005D19FD /* ViewController.swift */; };
		6BB150771CA64B75005D19FD /* Main.storyboard in Resources */ = {isa = PBXBuildFile; fileRef = 6BB150751CA64B75005D19FD /* Main.storyboard */; };
		6BB150791CA64B75005D19FD /* Assets.xcassets in Resources */ = {isa = PBXBuildFile; fileRef = 6BB150781CA64B75005D19FD /* Assets.xcassets */; };
		6BB1507C1CA64B75005D19FD /* LaunchScreen.storyboard in Resources */ = {isa = PBXBuildFile; fileRef = 6BB1507A1CA64B75005D19FD /* LaunchScreen.storyboard */; };
		6BB150871CA64B75005D19FD /* PhotoramaAppStoreTests.swift in Sources */ = {isa = PBXBuildFile; fileRef = 6BB150861CA64B75005D19FD /* PhotoramaAppStoreTests.swift */; };
		6BB150921CA64B75005D19FD /* PhotoramaAppStoreUITests.swift in Sources */ = {isa = PBXBuildFile; fileRef = 6BB150911CA64B75005D19FD /* PhotoramaAppStoreUITests.swift */; };
/* End PBXBuildFile section */

/* Begin PBXContainerItemProxy section */
		6BB150831CA64B75005D19FD /* PBXContainerItemProxy */ = {
			isa = PBXContainerItemProxy;
			containerPortal = 6BB150661CA64B75005D19FD /* Project object */;
			proxyType = 1;
			remoteGlobalIDString = 6BB1506D1CA64B75005D19FD;
			remoteInfo = PhotoramaAppStore;
		};
		6BB1508E1CA64B75005D19FD /* PBXContainerItemProxy */ = {
			isa = PBXContainerItemProxy;
			containerPortal = 6BB150661CA64B75005D19FD /* Project object */;
			proxyType = 1;
			remoteGlobalIDString = 6BB1506D1CA64B75005D19FD;
			remoteInfo = PhotoramaAppStore;
		};
/* End PBXContainerItemProxy section */

/* Begin PBXFileReference section */
		6BB1506E1CA64B75005D19FD /* PhotoramaAppStore.app */ = {isa = PBXFileReference; explicitFileType = wrapper.application; includeInIndex = 0; path = PhotoramaAppStore.app; sourceTree = BUILT_PRODUCTS_DIR; };
		6BB150711CA64B75005D19FD /* AppDelegate.swift */ = {isa = PBXFileReference; lastKnownFileType = sourcecode.swift; path = AppDelegate.swift; sourceTree = "<group>"; };
		6BB150731CA64B75005D19FD /* ViewController.swift */ = {isa = PBXFileReference; lastKnownFileType = sourcecode.swift; path = ViewController.swift; sourceTree = "<group>"; };
		6BB150761CA64B75005D19FD /* Base */ = {isa = PBXFileReference; lastKnownFileType = file.storyboard; name = Base; path = Base.lproj/Main.storyboard; sourceTree = "<group>"; };
		6BB150781CA64B75005D19FD /* Assets.xcassets */ = {isa = PBXFileReference; lastKnownFileType = folder.assetcatalog; path = Assets.xcassets; sourceTree = "<group>"; };
		6BB1507B1CA64B75005D19FD /* Base */ = {isa = PBXFileReference; lastKnownFileType = file.storyboard; name = Base; path = Base.lproj/LaunchScreen.storyboard; sourceTree = "<group>"; };
		6BB1507D1CA64B75005D19FD /* Info.plist */ = {isa = PBXFileReference; lastKnownFileType = text.plist.xml; path = Info.plist; sourceTree = "<group>"; };
		6BB150821CA64B75005D19FD /* PhotoramaAppStoreTests.xctest */ = {isa = PBXFileReference; explicitFileType = wrapper.cfbundle; includeInIndex = 0; path = PhotoramaAppStoreTests.xctest; sourceTree = BUILT_PRODUCTS_DIR; };
		6BB150861CA64B75005D19FD /* PhotoramaAppStoreTests.swift */ = {isa = PBXFileReference; lastKnownFileType = sourcecode.swift; path = PhotoramaAppStoreTests.swift; sourceTree = "<group>"; };
		6BB150881CA64B75005D19FD /* Info.plist */ = {isa = PBXFileReference; lastKnownFileType = text.plist.xml; path = Info.plist; sourceTree = "<group>"; };
		6BB1508D1CA64B75005D19FD /* PhotoramaAppStoreUITests.xctest */ = {isa = PBXFileReference; explicitFileType = wrapper.cfbundle; includeInIndex = 0; path = PhotoramaAppStoreUITests.xctest; sourceTree = BUILT_PRODUCTS_DIR; };
		6BB150911CA64B75005D19FD /* PhotoramaAppStoreUITests.swift */ = {isa = PBXFileReference; lastKnownFileType = sourcecode.swift; path = PhotoramaAppStoreUITests.swift; sourceTree = "<group>"; };
		6BB150931CA64B75005D19FD /* Info.plist */ = {isa = PBXFileReference; lastKnownFileType = text.plist.xml; path = Info.plist; sourceTree = "<group>"; };
/* End PBXFileReference section */

/* Begin PBXFrameworksBuildPhase section */
		6BB1506B1CA64B75005D19FD /* Frameworks */ = {
			isa = PBXFrameworksBuildPhase;
			buildActionMask = 2147483647;
			files = (
			);
			runOnlyForDeploymentPostprocessing = 0;
		};
		6BB1507F1CA64B75005D19FD /* Frameworks */ = {
			isa = PBXFrameworksBuildPhase;
			buildActionMask = 2147483647;
			files = (
			);
			runOnlyForDeploymentPostprocessing = 0;
		};
		6BB1508A1CA64B75005D19FD /* Frameworks */ = {
			isa = PBXFrameworksBuildPhase;
			buildActionMask = 2147483647;
			files = (
			);
			runOnlyForDeploymentPostprocessing = 0;
		};
/* End PBXFrameworksBuildPhase section */

/* Begin PBXGroup section */
		6BB150651CA64B75005D19FD = {
			isa = PBXGroup;
			children = (
				6BB150701CA64B75005D19FD /* PhotoramaAppStore */,
				6BB150851CA64B75005D19FD /* PhotoramaAppStoreTests */,
				6BB150901CA64B75005D19FD /* PhotoramaAppStoreUITests */,
				6BB1506F1CA64B75005D19FD /* Products */,
			);
			sourceTree = "<group>";
		};
		6BB1506F1CA64B75005D19FD /* Products */ = {
			isa = PBXGroup;
			children = (
				6BB1506E1CA64B75005D19FD /* PhotoramaAppStore.app */,
				6BB150821CA64B75005D19FD /* PhotoramaAppStoreTests.xctest */,
				6BB1508D1CA64B75005D19FD /* PhotoramaAppStoreUITests.xctest */,
			);
			name = Products;
			sourceTree = "<group>";
		};
		6BB150701CA64B75005D19FD /* PhotoramaAppStore */ = {
			isa = PBXGroup;
			children = (
				6BB150711CA64B75005D19FD /* AppDelegate.swift */,
				6BB150731CA64B75005D19FD /* ViewController.swift */,
				6BB150751CA64B75005D19FD /* Main.storyboard */,
				6BB150781CA64B75005D19FD /* Assets.xcassets */,
				6BB1507A1CA64B75005D19FD /* LaunchScreen.storyboard */,
				6BB1507D1CA64B75005D19FD /* Info.plist */,
			);
			path = PhotoramaAppStore;
			sourceTree = "<group>";
		};
		6BB150851CA64B75005D19FD /* PhotoramaAppStoreTests */ = {
			isa = PBXGroup;
			children = (
				6BB150861CA64B75005D19FD /* PhotoramaAppStoreTests.swift */,
				6BB150881CA64B75005D19FD /* Info.plist */,
			);
			path = PhotoramaAppStoreTests;
			sourceTree = "<group>";
		};
		6BB150901CA64B75005D19FD /* PhotoramaAppStoreUITests */ = {
			isa = PBXGroup;
			children = (
				6BB150911CA64B75005D19FD /* PhotoramaAppStoreUITests.swift */,
				6BB150931CA64B75005D19FD /* Info.plist */,
			);
			path = PhotoramaAppStoreUITests;
			sourceTree = "<group>";
		};
/* End PBXGroup section */

/* Begin PBXNativeTarget section */
		6BB1506D1CA64B75005D19FD /* PhotoramaAppStore */ = {
			isa = PBXNativeTarget;
			buildConfigurationList = 6BB150961CA64B75005D19FD /* Build configuration list for PBXNativeTarget "PhotoramaAppStore" */;
			buildPhases = (
				6BB1506A1CA64B75005D19FD /* Sources */,
				6BB1506B1CA64B75005D19FD /* Frameworks */,
				6BB1506C1CA64B75005D19FD /* Resources */,
			);
			buildRules = (
			);
			dependencies = (
			);
			name = PhotoramaAppStore;
			productName = PhotoramaAppStore;
			productReference = 6BB1506E1CA64B75005D19FD /* PhotoramaAppStore.app */;
			productType = "com.apple.product-type.application";
		};
		6BB150811CA64B75005D19FD /* PhotoramaAppStoreTests */ = {
			isa = PBXNativeTarget;
			buildConfigurationList = 6BB150991CA64B75005D19FD /* Build configuration list for PBXNativeTarget "PhotoramaAppStoreTests" */;
			buildPhases = (
				6BB1507E1CA64B75005D19FD /* Sources */,
				6BB1507F1CA64B75005D19FD /* Frameworks */,
				6BB150801CA64B75005D19FD /* Resources */,
			);
			buildRules = (
			);
			dependencies = (
				6BB150841CA64B75005D19FD /* PBXTargetDependency */,
			);
			name = PhotoramaAppStoreTests;
			productName = PhotoramaAppStoreTests;
			productReference = 6BB150821CA64B75005D19FD /* PhotoramaAppStoreTests.xctest */;
			productType = "com.apple.product-type.bundle.unit-test";
		};
		6BB1508C1CA64B75005D19FD /* PhotoramaAppStoreUITests */ = {
			isa = PBXNativeTarget;
			buildConfigurationList = 6BB1509C1CA64B75005D19FD /* Build configuration list for PBXNativeTarget "PhotoramaAppStoreUITests" */;
			buildPhases = (
				6BB150891CA64B75005D19FD /* Sources */,
				6BB1508A1CA64B75005D19FD /* Frameworks */,
				6BB1508B1CA64B75005D19FD /* Resources */,
			);
			buildRules = (
			);
			dependencies = (
				6BB1508F1CA64B75005D19FD /* PBXTargetDependency */,
			);
			name = PhotoramaAppStoreUITests;
			productName = PhotoramaAppStoreUITests;
			productReference = 6BB1508D1CA64B75005D19FD /* PhotoramaAppStoreUITests.xctest */;
			productType = "com.apple.product-type.bundle.ui-testing";
		};
/* End PBXNativeTarget section */

/* Begin PBXProject section */
		6BB150661CA64B75005D19FD /* Project object */ = {
			isa = PBXProject;
			attributes = {
				LastSwiftUpdateCheck = 0730;
				LastUpgradeCheck = 0730;
				ORGANIZATIONNAME = "Big Nerd Ranch";
				TargetAttributes = {
					6BB1506D1CA64B75005D19FD = {
						CreatedOnToolsVersion = 7.3;
					};
					6BB150811CA64B75005D19FD = {
						CreatedOnToolsVersion = 7.3;
						TestTargetID = 6BB1506D1CA64B75005D19FD;
					};
					6BB1508C1CA64B75005D19FD = {
						CreatedOnToolsVersion = 7.3;
						TestTargetID = 6BB1506D1CA64B75005D19FD;
					};
				};
			};
			buildConfigurationList = 6BB150691CA64B75005D19FD /* Build configuration list for PBXProject "PhotoramaAppStore" */;
			compatibilityVersion = "Xcode 3.2";
			developmentRegion = English;
			hasScannedForEncodings = 0;
			knownRegions = (
				en,
				Base,
			);
			mainGroup = 6BB150651CA64B75005D19FD;
			productRefGroup = 6BB1506F1CA64B75005D19FD /* Products */;
			projectDirPath = "";
			projectRoot = "";
			targets = (
				6BB1506D1CA64B75005D19FD /* PhotoramaAppStore */,
				6BB150811CA64B75005D19FD /* PhotoramaAppStoreTests */,
				6BB1508C1CA64B75005D19FD /* PhotoramaAppStoreUITests */,
			);
		};
/* End PBXProject section */

/* Begin PBXResourcesBuildPhase section */
		6BB1506C1CA64B75005D19FD /* Resources */ = {
			isa = PBXResourcesBuildPhase;
			buildActionMask = 2147483647;
			files = (
				6BB1507C1CA64B75005D19FD /* LaunchScreen.storyboard in Resources */,
				6BB150791CA64B75005D19FD /* Assets.xcassets in Resources */,
				6BB150771CA64B75005D19FD /* Main.storyboard in Resources */,
			);
			runOnlyForDeploymentPostprocessing = 0;
		};
		6BB150801CA64B75005D19FD /* Resources */ = {
			isa = PBXResourcesBuildPhase;
			buildActionMask = 2147483647;
			files = (
			);
			runOnlyForDeploymentPostprocessing = 0;
		};
		6BB1508B1CA64B75005D19FD /* Resources */ = {
			isa = PBXResourcesBuildPhase;
			buildActionMask = 2147483647;
			files = (
			);
			runOnlyForDeploymentPostprocessing = 0;
		};
/* End PBXResourcesBuildPhase section */

/* Begin PBXSourcesBuildPhase section */
		6BB1506A1CA64B75005D19FD /* Sources */ = {
			isa = PBXSourcesBuildPhase;
			buildActionMask = 2147483647;
			files = (
				6BB150741CA64B75005D19FD /* ViewController.swift in Sources */,
				6BB150721CA64B75005D19FD /* AppDelegate.swift in Sources */,
			);
			runOnlyForDeploymentPostprocessing = 0;
		};
		6BB1507E1CA64B75005D19FD /* Sources */ = {
			isa = PBXSourcesBuildPhase;
			buildActionMask = 2147483647;
			files = (
				6BB150871CA64B75005D19FD /* PhotoramaAppStoreTests.swift in Sources */,
			);
			runOnlyForDeploymentPostprocessing = 0;
		};
		6BB150891CA64B75005D19FD /* Sources */ = {
			isa = PBXSourcesBuildPhase;
			buildActionMask = 2147483647;
			files = (
				6BB150921CA64B75005D19FD /* PhotoramaAppStoreUITests.swift in Sources */,
			);
			runOnlyForDeploymentPostprocessing = 0;
		};
/* End PBXSourcesBuildPhase section */

/* Begin PBXTargetDependency section */
		6BB150841CA64B75005D19FD /* PBXTargetDependency */ = {
			isa = PBXTargetDependency;
			target = 6BB1506D1CA64B75005D19FD /* PhotoramaAppStore */;
			targetProxy = 6BB150831CA64B75005D19FD /* PBXContainerItemProxy */;
		};
		6BB1508F1CA64B75005D19FD /* PBXTargetDependency */ = {
			isa = PBXTargetDependency;
			target = 6BB1506D1CA64B75005D19FD /* PhotoramaAppStore */;
			targetProxy = 6BB1508E1CA64B75005D19FD /* PBXContainerItemProxy */;
		};
/* End PBXTargetDependency section */

/* Begin PBXVariantGroup section */
		6BB150751CA64B75005D19FD /* Main.storyboard */ = {
			isa = PBXVariantGroup;
			children = (
				6BB150761CA64B75005D19FD /* Base */,
			);
			name = Main.storyboard;
			sourceTree = "<group>";
		};
		6BB1507A1CA64B75005D19FD /* LaunchScreen.storyboard */ = {
			isa = PBXVariantGroup;
			children = (
				6BB1507B1CA64B75005D19FD /* Base */,
			);
			name = LaunchScreen.storyboard;
			sourceTree = "<group>";
		};
/* End PBXVariantGroup section */

/* Begin XCBuildConfiguration section */
		6BB150941CA64B75005D19FD /* Debug */ = {
			isa = XCBuildConfiguration;
			buildSettings = {
				ALWAYS_SEARCH_USER_PATHS = NO;
				CLANG_ANALYZER_NONNULL = YES;
				CLANG_CXX_LANGUAGE_STANDARD = "gnu++0x";
				CLANG_CXX_LIBRARY = "libc++";
				CLANG_ENABLE_MODULES = YES;
				CLANG_ENABLE_OBJC_ARC = YES;
				CLANG_WARN_BOOL_CONVERSION = YES;
				CLANG_WARN_CONSTANT_CONVERSION = YES;
				CLANG_WARN_DIRECT_OBJC_ISA_USAGE = YES_ERROR;
				CLANG_WARN_EMPTY_BODY = YES;
				CLANG_WARN_ENUM_CONVERSION = YES;
				CLANG_WARN_INT_CONVERSION = YES;
				CLANG_WARN_OBJC_ROOT_CLASS = YES_ERROR;
				CLANG_WARN_UNREACHABLE_CODE = YES;
				CLANG_WARN__DUPLICATE_METHOD_MATCH = YES;
				"CODE_SIGN_IDENTITY[sdk=iphoneos*]" = "iPhone Developer";
				COPY_PHASE_STRIP = NO;
				DEBUG_INFORMATION_FORMAT = dwarf;
				ENABLE_STRICT_OBJC_MSGSEND = YES;
				ENABLE_TESTABILITY = YES;
				GCC_C_LANGUAGE_STANDARD = gnu99;
				GCC_DYNAMIC_NO_PIC = NO;
				GCC_NO_COMMON_BLOCKS = YES;
				GCC_OPTIMIZATION_LEVEL = 0;
				GCC_PREPROCESSOR_DEFINITIONS = (
					"DEBUG=1",
					"$(inherited)",
				);
				GCC_WARN_64_TO_32_BIT_CONVERSION = YES;
				GCC_WARN_ABOUT_RETURN_TYPE = YES_ERROR;
				GCC_WARN_UNDECLARED_SELECTOR = YES;
				GCC_WARN_UNINITIALIZED_AUTOS = YES_AGGRESSIVE;
				GCC_WARN_UNUSED_FUNCTION = YES;
				GCC_WARN_UNUSED_VARIABLE = YES;
				IPHONEOS_DEPLOYMENT_TARGET = 9.3;
				MTL_ENABLE_DEBUG_INFO = YES;
				ONLY_ACTIVE_ARCH = YES;
				SDKROOT = iphoneos;
				SWIFT_OPTIMIZATION_LEVEL = "-Onone";
				TARGETED_DEVICE_FAMILY = "1,2";
			};
			name = Debug;
		};
		6BB150951CA64B75005D19FD /* Release */ = {
			isa = XCBuildConfiguration;
			buildSettings = {
				ALWAYS_SEARCH_USER_PATHS = NO;
				CLANG_ANALYZER_NONNULL = YES;
				CLANG_CXX_LANGUAGE_STANDARD = "gnu++0x";
				CLANG_CXX_LIBRARY = "libc++";
				CLANG_ENABLE_MODULES = YES;
				CLANG_ENABLE_OBJC_ARC = YES;
				CLANG_WARN_BOOL_CONVERSION = YES;
				CLANG_WARN_CONSTANT_CONVERSION = YES;
				CLANG_WARN_DIRECT_OBJC_ISA_USAGE = YES_ERROR;
				CLANG_WARN_EMPTY_BODY = YES;
				CLANG_WARN_ENUM_CONVERSION = YES;
				CLANG_WARN_INT_CONVERSION = YES;
				CLANG_WARN_OBJC_ROOT_CLASS = YES_ERROR;
				CLANG_WARN_UNREACHABLE_CODE = YES;
				CLANG_WARN__DUPLICATE_METHOD_MATCH = YES;
				"CODE_SIGN_IDENTITY[sdk=iphoneos*]" = "iPhone Developer";
				COPY_PHASE_STRIP = NO;
				DEBUG_INFORMATION_FORMAT = "dwarf-with-dsym";
				ENABLE_NS_ASSERTIONS = NO;
				ENABLE_STRICT_OBJC_MSGSEND = YES;
				GCC_C_LANGUAGE_STANDARD = gnu99;
				GCC_NO_COMMON_BLOCKS = YES;
				GCC_WARN_64_TO_32_BIT_CONVERSION = YES;
				GCC_WARN_ABOUT_RETURN_TYPE = YES_ERROR;
				GCC_WARN_UNDECLARED_SELECTOR = YES;
				GCC_WARN_UNINITIALIZED_AUTOS = YES_AGGRESSIVE;
				GCC_WARN_UNUSED_FUNCTION = YES;
				GCC_WARN_UNUSED_VARIABLE = YES;
				IPHONEOS_DEPLOYMENT_TARGET = 9.3;
				MTL_ENABLE_DEBUG_INFO = NO;
				SDKROOT = iphoneos;
				TARGETED_DEVICE_FAMILY = "1,2";
				VALIDATE_PRODUCT = YES;
			};
			name = Release;
		};
		6BB150971CA64B75005D19FD /* Debug */ = {
			isa = XCBuildConfiguration;
			buildSettings = {
				ASSETCATALOG_COMPILER_APPICON_NAME = AppIcon;
				INFOPLIST_FILE = PhotoramaAppStore/Info.plist;
				LD_RUNPATH_SEARCH_PATHS = "$(inherited) @executable_path/Frameworks";
				PRODUCT_BUNDLE_IDENTIFIER = com.bignerdranch.PhotoramaAppStore;
				PRODUCT_NAME = "$(TARGET_NAME)";
			};
			name = Debug;
		};
		6BB150981CA64B75005D19FD /* Release */ = {
			isa = XCBuildConfiguration;
			buildSettings = {
				ASSETCATALOG_COMPILER_APPICON_NAME = AppIcon;
				INFOPLIST_FILE = PhotoramaAppStore/Info.plist;
				LD_RUNPATH_SEARCH_PATHS = "$(inherited) @executable_path/Frameworks";
				PRODUCT_BUNDLE_IDENTIFIER = com.bignerdranch.PhotoramaAppStore;
				PRODUCT_NAME = "$(TARGET_NAME)";
			};
			name = Release;
		};
		6BB1509A1CA64B75005D19FD /* Debug */ = {
			isa = XCBuildConfiguration;
			buildSettings = {
				BUNDLE_LOADER = "$(TEST_HOST)";
				INFOPLIST_FILE = PhotoramaAppStoreTests/Info.plist;
				LD_RUNPATH_SEARCH_PATHS = "$(inherited) @executable_path/Frameworks @loader_path/Frameworks";
				PRODUCT_BUNDLE_IDENTIFIER = com.bignerdranch.PhotoramaAppStoreTests;
				PRODUCT_NAME = "$(TARGET_NAME)";
				TEST_HOST = "$(BUILT_PRODUCTS_DIR)/PhotoramaAppStore.app/PhotoramaAppStore";
			};
			name = Debug;
		};
		6BB1509B1CA64B75005D19FD /* Release */ = {
			isa = XCBuildConfiguration;
			buildSettings = {
				BUNDLE_LOADER = "$(TEST_HOST)";
				INFOPLIST_FILE = PhotoramaAppStoreTests/Info.plist;
				LD_RUNPATH_SEARCH_PATHS = "$(inherited) @executable_path/Frameworks @loader_path/Frameworks";
				PRODUCT_BUNDLE_IDENTIFIER = com.bignerdranch.PhotoramaAppStoreTests;
				PRODUCT_NAME = "$(TARGET_NAME)";
				TEST_HOST = "$(BUILT_PRODUCTS_DIR)/PhotoramaAppStore.app/PhotoramaAppStore";
			};
			name = Release;
		};
		6BB1509D1CA64B75005D19FD /* Debug */ = {
			isa = XCBuildConfiguration;
			buildSettings = {
				INFOPLIST_FILE = PhotoramaAppStoreUITests/Info.plist;
				LD_RUNPATH_SEARCH_PATHS = "$(inherited) @executable_path/Frameworks @loader_path/Frameworks";
				PRODUCT_BUNDLE_IDENTIFIER = com.bignerdranch.PhotoramaAppStoreUITests;
				PRODUCT_NAME = "$(TARGET_NAME)";
				TEST_TARGET_NAME = PhotoramaAppStore;
			};
			name = Debug;
		};
		6BB1509E1CA64B75005D19FD /* Release */ = {
			isa = XCBuildConfiguration;
			buildSettings = {
				INFOPLIST_FILE = PhotoramaAppStoreUITests/Info.plist;
				LD_RUNPATH_SEARCH_PATHS = "$(inherited) @executable_path/Frameworks @loader_path/Frameworks";
				PRODUCT_BUNDLE_IDENTIFIER = com.bignerdranch.PhotoramaAppStoreUITests;
				PRODUCT_NAME = "$(TARGET_NAME)";
				TEST_TARGET_NAME = PhotoramaAppStore;
			};
			name = Release;
		};
/* End XCBuildConfiguration section */

/* Begin XCConfigurationList section */
		6BB150691CA64B75005D19FD /* Build configuration list for PBXProject "PhotoramaAppStore" */ = {
			isa = XCConfigurationList;
			buildConfigurations = (
				6BB150941CA64B75005D19FD /* Debug */,
				6BB150951CA64B75005D19FD /* Release */,
			);
			defaultConfigurationIsVisible = 0;
			defaultConfigurationName = Release;
		};
		6BB150961CA64B75005D19FD /* Build configuration list for PBXNativeTarget "PhotoramaAppStore" */ = {
			isa = XCConfigurationList;
			buildConfigurations = (
				6BB150971CA64B75005D19FD /* Debug */,
				6BB150981CA64B75005D19FD /* Release */,
			);
			defaultConfigurationIsVisible = 0;
		};
		6BB150991CA64B75005D19FD /* Build configuration list for PBXNativeTarget "PhotoramaAppStoreTests" */ = {
			isa = XCConfigurationList;
			buildConfigurations = (
				6BB1509A1CA64B75005D19FD /* Debug */,
				6BB1509B1CA64B75005D19FD /* Release */,
			);
			defaultConfigurationIsVisible = 0;
		};
		6BB1509C1CA64B75005D19FD /* Build configuration list for PBXNativeTarget "PhotoramaAppStoreUITests" */ = {
			isa = XCConfigurationList;
			buildConfigurations = (
				6BB1509D1CA64B75005D19FD /* Debug */,
				6BB1509E1CA64B75005D19FD /* Release */,
			);
			defaultConfigurationIsVisible = 0;
		};
/* End XCConfigurationList section */
	};
	rootObject = 6BB150661CA64B75005D19FD /* Project object */;
}
